{
    "_meta": {
        "hash": {
            "sha256": "2076be1203581cf4fbf5a74c2883c833ea4ae7d341f4533771a9071583a71288"
        },
        "pipfile-spec": 6,
        "requires": {
            "python_version": "3.9"
        },
        "sources": [
            {
                "name": "pypi",
                "url": "https://pypi.org/simple",
                "verify_ssl": true
            }
        ]
    },
    "default": {
        "python-dotenv": {
            "hashes": [
                "sha256:1684eb44636dd462b66c3ee016599815514527ad99965de77f43e0944634a7e5",
                "sha256:b77d08274639e3d34145dfa6c7008e66df0f04b7be7a75fd0d5292c191d79045"
            ],
            "index": "pypi",
            "version": "==0.21.0"
        },
        "pyudev": {
            "hashes": [
                "sha256:b2a3afe1c99ea751f8296652557eac559874da2a1b1ec0625178706ec5a345f3",
                "sha256:d22451d9f10b4fef7737a0fa5c5664e7547cf9ae58a79084eb396e0ce9a0e406"
            ],
            "index": "pypi",
            "version": "==0.24.0"
        }
    },
    "develop": {}
}
