{
    "_meta": {
        "hash": {
            "sha256": "01c699a45af7f1355bc269ede4b52a1f617ab4d33f846a22341a0670aeba7cf2"
        },
        "pipfile-spec": 6,
        "requires": {
            "python_full_version": "3.9.2",
            "python_version": "3.9"
        },
        "sources": [
            {
                "name": "pypi",
                "url": "https://pypi.org/simple",
                "verify_ssl": true
            }
        ]
    },
    "default": {
        "python-dotenv": {
            "hashes": [
                "sha256:1684eb44636dd462b66c3ee016599815514527ad99965de77f43e0944634a7e5",
                "sha256:b77d08274639e3d34145dfa6c7008e66df0f04b7be7a75fd0d5292c191d79045"
            ],
            "index": "pypi",
            "version": "==0.21.0"
        }
    },
    "develop": {}
}
